
Microsoft Visual Studio Solution File, Format Version 12.00
# Visual Studio Version 17
VisualStudioVersion = 17.5.33516.290
MinimumVisualStudioVersion = 10.0.40219.1
Project("{9A19103F-16F7-4668-BE54-9A1E7A4F7556}") = "ShipUtils", "ShipUtils\ShipUtils.csproj", "{64A37176-C225-4C25-BB3E-43C7E92B54E2}"
EndProject
Global
	GlobalSection(SolutionConfigurationPlatforms) = preSolution
		Debug|Any CPU = Debug|Any CPU
		Release|Any CPU = Release|Any CPU
	EndGlobalSection
	GlobalSection(ProjectConfigurationPlatforms) = postSolution
		{64A37176-C225-4C25-BB3E-43C7E92B54E2}.Debug|Any CPU.ActiveCfg = Debug|Any CPU
		{64A37176-C225-4C25-BB3E-43C7E92B54E2}.Debug|Any CPU.Build.0 = Debug|Any CPU
		{64A37176-C225-4C25-BB3E-43C7E92B54E2}.Release|Any CPU.ActiveCfg = Release|Any CPU
		{64A37176-C225-4C25-BB3E-43C7E92B54E2}.Release|Any CPU.Build.0 = Release|Any CPU
	EndGlobalSection
	GlobalSection(SolutionProperties) = preSolution
		HideSolutionNode = FALSE
	EndGlobalSection
	GlobalSection(ExtensibilityGlobals) = postSolution
		SolutionGuid = {6B3CECDF-398E-4A7B-86AB-5F15FA6C7695}
	EndGlobalSection
EndGlobal
